
Microsoft Visual Studio Solution File, Format Version 12.00
# Visual Studio Version 16
VisualStudioVersion = 16.0.31005.135
MinimumVisualStudioVersion = 10.0.40219.1
Project("{FAE04EC0-301F-11D3-BF4B-00C04F79EFBC}") = "AlgoithmicToolboxWeek3_6", "AlgoithmicToolboxWeek3_6.csproj", "{85FB52E7-344A-4E7F-9D46-D8EFAA94675E}"
EndProject
Global
	GlobalSection(SolutionConfigurationPlatforms) = preSolution
		Debug|Any CPU = Debug|Any CPU
		Release|Any CPU = Release|Any CPU
	EndGlobalSection
	GlobalSection(ProjectConfigurationPlatforms) = postSolution
		{85FB52E7-344A-4E7F-9D46-D8EFAA94675E}.Debug|Any CPU.ActiveCfg = Debug|Any CPU
		{85FB52E7-344A-4E7F-9D46-D8EFAA94675E}.Debug|Any CPU.Build.0 = Debug|Any CPU
		{85FB52E7-344A-4E7F-9D46-D8EFAA94675E}.Release|Any CPU.ActiveCfg = Release|Any CPU
		{85FB52E7-344A-4E7F-9D46-D8EFAA94675E}.Release|Any CPU.Build.0 = Release|Any CPU
	EndGlobalSection
	GlobalSection(SolutionProperties) = preSolution
		HideSolutionNode = FALSE
	EndGlobalSection
	GlobalSection(ExtensibilityGlobals) = postSolution
		SolutionGuid = {BC0F546F-CBEC-4251-BB32-482DF5819834}
	EndGlobalSection
EndGlobal
