
Microsoft Visual Studio Solution File, Format Version 12.00
# Visual Studio Version 16
VisualStudioVersion = 16.0.31005.135
MinimumVisualStudioVersion = 10.0.40219.1
Project("{FAE04EC0-301F-11D3-BF4B-00C04F79EFBC}") = "AlgorithmicToolboxWeek4_1", "AlgorithmicToolboxWeek4_1.csproj", "{D5CBEB04-70FB-4D9D-BD13-E9324367A718}"
EndProject
Global
	GlobalSection(SolutionConfigurationPlatforms) = preSolution
		Debug|Any CPU = Debug|Any CPU
		Release|Any CPU = Release|Any CPU
	EndGlobalSection
	GlobalSection(ProjectConfigurationPlatforms) = postSolution
		{D5CBEB04-70FB-4D9D-BD13-E9324367A718}.Debug|Any CPU.ActiveCfg = Debug|Any CPU
		{D5CBEB04-70FB-4D9D-BD13-E9324367A718}.Debug|Any CPU.Build.0 = Debug|Any CPU
		{D5CBEB04-70FB-4D9D-BD13-E9324367A718}.Release|Any CPU.ActiveCfg = Release|Any CPU
		{D5CBEB04-70FB-4D9D-BD13-E9324367A718}.Release|Any CPU.Build.0 = Release|Any CPU
	EndGlobalSection
	GlobalSection(SolutionProperties) = preSolution
		HideSolutionNode = FALSE
	EndGlobalSection
	GlobalSection(ExtensibilityGlobals) = postSolution
		SolutionGuid = {BB1C6196-FF46-49A0-9218-D74B245D911E}
	EndGlobalSection
EndGlobal
