
Microsoft Visual Studio Solution File, Format Version 12.00
# Visual Studio Version 16
VisualStudioVersion = 16.0.31005.135
MinimumVisualStudioVersion = 10.0.40219.1
Project("{FAE04EC0-301F-11D3-BF4B-00C04F79EFBC}") = "AlgoithmicToolboxWeek2_6", "AlgoithmicToolboxWeek2_6.csproj", "{45DA553A-6487-405B-810C-896E32B3CED4}"
EndProject
Project("{FAE04EC0-301F-11D3-BF4B-00C04F79EFBC}") = "AlgoithmicToolboxWeek2_7", "..\AlgoithmicToolboxWeek2_7\AlgoithmicToolboxWeek2_7.csproj", "{54F1E6B9-F5FE-4FFC-97CF-26537927E107}"
EndProject
Global
	GlobalSection(SolutionConfigurationPlatforms) = preSolution
		Debug|Any CPU = Debug|Any CPU
		Release|Any CPU = Release|Any CPU
	EndGlobalSection
	GlobalSection(ProjectConfigurationPlatforms) = postSolution
		{45DA553A-6487-405B-810C-896E32B3CED4}.Debug|Any CPU.ActiveCfg = Debug|Any CPU
		{45DA553A-6487-405B-810C-896E32B3CED4}.Debug|Any CPU.Build.0 = Debug|Any CPU
		{45DA553A-6487-405B-810C-896E32B3CED4}.Release|Any CPU.ActiveCfg = Release|Any CPU
		{45DA553A-6487-405B-810C-896E32B3CED4}.Release|Any CPU.Build.0 = Release|Any CPU
		{54F1E6B9-F5FE-4FFC-97CF-26537927E107}.Debug|Any CPU.ActiveCfg = Debug|Any CPU
		{54F1E6B9-F5FE-4FFC-97CF-26537927E107}.Debug|Any CPU.Build.0 = Debug|Any CPU
		{54F1E6B9-F5FE-4FFC-97CF-26537927E107}.Release|Any CPU.ActiveCfg = Release|Any CPU
		{54F1E6B9-F5FE-4FFC-97CF-26537927E107}.Release|Any CPU.Build.0 = Release|Any CPU
	EndGlobalSection
	GlobalSection(SolutionProperties) = preSolution
		HideSolutionNode = FALSE
	EndGlobalSection
	GlobalSection(ExtensibilityGlobals) = postSolution
		SolutionGuid = {A3EA7856-5924-407B-A474-A9226192597B}
	EndGlobalSection
EndGlobal
