
Microsoft Visual Studio Solution File, Format Version 12.00
# Visual Studio Version 16
VisualStudioVersion = 16.0.32228.343
MinimumVisualStudioVersion = 10.0.40219.1
Project("{FAE04EC0-301F-11D3-BF4B-00C04F79EFBC}") = "AdvancedAlgorithmsWeek3_1", "AdvancedAlgorithmsWeek3_1.csproj", "{0157F7AA-BD5D-437A-B8A7-107EA1E74CC6}"
EndProject
Global
	GlobalSection(SolutionConfigurationPlatforms) = preSolution
		Debug|Any CPU = Debug|Any CPU
		Release|Any CPU = Release|Any CPU
	EndGlobalSection
	GlobalSection(ProjectConfigurationPlatforms) = postSolution
		{0157F7AA-BD5D-437A-B8A7-107EA1E74CC6}.Debug|Any CPU.ActiveCfg = Debug|Any CPU
		{0157F7AA-BD5D-437A-B8A7-107EA1E74CC6}.Debug|Any CPU.Build.0 = Debug|Any CPU
		{0157F7AA-BD5D-437A-B8A7-107EA1E74CC6}.Release|Any CPU.ActiveCfg = Release|Any CPU
		{0157F7AA-BD5D-437A-B8A7-107EA1E74CC6}.Release|Any CPU.Build.0 = Release|Any CPU
	EndGlobalSection
	GlobalSection(SolutionProperties) = preSolution
		HideSolutionNode = FALSE
	EndGlobalSection
	GlobalSection(ExtensibilityGlobals) = postSolution
		SolutionGuid = {2F5EA928-ACE4-49EC-A949-96CCFE2CEC10}
	EndGlobalSection
EndGlobal
