
Microsoft Visual Studio Solution File, Format Version 12.00
# Visual Studio Version 16
VisualStudioVersion = 16.0.32228.343
MinimumVisualStudioVersion = 10.0.40219.1
Project("{FAE04EC0-301F-11D3-BF4B-00C04F79EFBC}") = "AlgorithmsOnStringsWeek1_1", "AlgorithmsOnStringsWeek1_1.csproj", "{6A821C8D-36DC-49CE-972C-6F6381050751}"
EndProject
Global
	GlobalSection(SolutionConfigurationPlatforms) = preSolution
		Debug|Any CPU = Debug|Any CPU
		Release|Any CPU = Release|Any CPU
	EndGlobalSection
	GlobalSection(ProjectConfigurationPlatforms) = postSolution
		{6A821C8D-36DC-49CE-972C-6F6381050751}.Debug|Any CPU.ActiveCfg = Debug|Any CPU
		{6A821C8D-36DC-49CE-972C-6F6381050751}.Debug|Any CPU.Build.0 = Debug|Any CPU
		{6A821C8D-36DC-49CE-972C-6F6381050751}.Release|Any CPU.ActiveCfg = Release|Any CPU
		{6A821C8D-36DC-49CE-972C-6F6381050751}.Release|Any CPU.Build.0 = Release|Any CPU
	EndGlobalSection
	GlobalSection(SolutionProperties) = preSolution
		HideSolutionNode = FALSE
	EndGlobalSection
	GlobalSection(ExtensibilityGlobals) = postSolution
		SolutionGuid = {EF618754-8DC8-45B3-A63E-39BDDD822F08}
	EndGlobalSection
EndGlobal
