
Microsoft Visual Studio Solution File, Format Version 12.00
# Visual Studio Version 16
VisualStudioVersion = 16.0.32228.343
MinimumVisualStudioVersion = 10.0.40219.1
Project("{FAE04EC0-301F-11D3-BF4B-00C04F79EFBC}") = "AdvanceProgrammingWeek1_2", "AdvanceProgrammingWeek1_2.csproj", "{9EA8C6A2-800C-4EC1-8375-CB41C35CF518}"
EndProject
Global
	GlobalSection(SolutionConfigurationPlatforms) = preSolution
		Debug|Any CPU = Debug|Any CPU
		Release|Any CPU = Release|Any CPU
	EndGlobalSection
	GlobalSection(ProjectConfigurationPlatforms) = postSolution
		{9EA8C6A2-800C-4EC1-8375-CB41C35CF518}.Debug|Any CPU.ActiveCfg = Debug|Any CPU
		{9EA8C6A2-800C-4EC1-8375-CB41C35CF518}.Debug|Any CPU.Build.0 = Debug|Any CPU
		{9EA8C6A2-800C-4EC1-8375-CB41C35CF518}.Release|Any CPU.ActiveCfg = Release|Any CPU
		{9EA8C6A2-800C-4EC1-8375-CB41C35CF518}.Release|Any CPU.Build.0 = Release|Any CPU
	EndGlobalSection
	GlobalSection(SolutionProperties) = preSolution
		HideSolutionNode = FALSE
	EndGlobalSection
	GlobalSection(ExtensibilityGlobals) = postSolution
		SolutionGuid = {66D8DA53-B1AF-4CF5-BF60-D61D5932C79D}
	EndGlobalSection
EndGlobal
