
Microsoft Visual Studio Solution File, Format Version 12.00
# Visual Studio Version 16
VisualStudioVersion = 16.0.31005.135
MinimumVisualStudioVersion = 10.0.40219.1
Project("{FAE04EC0-301F-11D3-BF4B-00C04F79EFBC}") = "AlgorithmicToolboxWeek1_2", "AlgorithmicToolboxWeek1_2.csproj", "{ABE41102-E764-4873-8851-4E06ECBF46FB}"
EndProject
Global
	GlobalSection(SolutionConfigurationPlatforms) = preSolution
		Debug|Any CPU = Debug|Any CPU
		Release|Any CPU = Release|Any CPU
	EndGlobalSection
	GlobalSection(ProjectConfigurationPlatforms) = postSolution
		{ABE41102-E764-4873-8851-4E06ECBF46FB}.Debug|Any CPU.ActiveCfg = Debug|Any CPU
		{ABE41102-E764-4873-8851-4E06ECBF46FB}.Debug|Any CPU.Build.0 = Debug|Any CPU
		{ABE41102-E764-4873-8851-4E06ECBF46FB}.Release|Any CPU.ActiveCfg = Release|Any CPU
		{ABE41102-E764-4873-8851-4E06ECBF46FB}.Release|Any CPU.Build.0 = Release|Any CPU
	EndGlobalSection
	GlobalSection(SolutionProperties) = preSolution
		HideSolutionNode = FALSE
	EndGlobalSection
	GlobalSection(ExtensibilityGlobals) = postSolution
		SolutionGuid = {C107552E-C945-45A9-B812-2BFB5B5C6F4F}
	EndGlobalSection
EndGlobal
