
Microsoft Visual Studio Solution File, Format Version 12.00
# Visual Studio Version 16
VisualStudioVersion = 16.0.31005.135
MinimumVisualStudioVersion = 10.0.40219.1
Project("{FAE04EC0-301F-11D3-BF4B-00C04F79EFBC}") = "DataStrustureWeek4_3", "DataStrustureWeek4_3.csproj", "{2DF38B8F-8BA7-42E4-901B-6C8DF75319F6}"
EndProject
Global
	GlobalSection(SolutionConfigurationPlatforms) = preSolution
		Debug|Any CPU = Debug|Any CPU
		Release|Any CPU = Release|Any CPU
	EndGlobalSection
	GlobalSection(ProjectConfigurationPlatforms) = postSolution
		{2DF38B8F-8BA7-42E4-901B-6C8DF75319F6}.Debug|Any CPU.ActiveCfg = Debug|Any CPU
		{2DF38B8F-8BA7-42E4-901B-6C8DF75319F6}.Debug|Any CPU.Build.0 = Debug|Any CPU
		{2DF38B8F-8BA7-42E4-901B-6C8DF75319F6}.Release|Any CPU.ActiveCfg = Release|Any CPU
		{2DF38B8F-8BA7-42E4-901B-6C8DF75319F6}.Release|Any CPU.Build.0 = Release|Any CPU
	EndGlobalSection
	GlobalSection(SolutionProperties) = preSolution
		HideSolutionNode = FALSE
	EndGlobalSection
	GlobalSection(ExtensibilityGlobals) = postSolution
		SolutionGuid = {8B047F7B-DDB0-45BB-B345-2EFFA93B1F9D}
	EndGlobalSection
EndGlobal
