
Microsoft Visual Studio Solution File, Format Version 12.00
# Visual Studio Version 16
VisualStudioVersion = 16.0.31005.135
MinimumVisualStudioVersion = 10.0.40219.1
Project("{FAE04EC0-301F-11D3-BF4B-00C04F79EFBC}") = "DataStrustureWeek3_1", "DataStrustureWeek3_1.csproj", "{C72C5242-B14C-453C-85BE-0A9194A2017F}"
EndProject
Global
	GlobalSection(SolutionConfigurationPlatforms) = preSolution
		Debug|Any CPU = Debug|Any CPU
		Release|Any CPU = Release|Any CPU
	EndGlobalSection
	GlobalSection(ProjectConfigurationPlatforms) = postSolution
		{C72C5242-B14C-453C-85BE-0A9194A2017F}.Debug|Any CPU.ActiveCfg = Debug|Any CPU
		{C72C5242-B14C-453C-85BE-0A9194A2017F}.Debug|Any CPU.Build.0 = Debug|Any CPU
		{C72C5242-B14C-453C-85BE-0A9194A2017F}.Release|Any CPU.ActiveCfg = Release|Any CPU
		{C72C5242-B14C-453C-85BE-0A9194A2017F}.Release|Any CPU.Build.0 = Release|Any CPU
	EndGlobalSection
	GlobalSection(SolutionProperties) = preSolution
		HideSolutionNode = FALSE
	EndGlobalSection
	GlobalSection(ExtensibilityGlobals) = postSolution
		SolutionGuid = {85E5FF22-F428-47FA-A19C-A51BA70F4CCF}
	EndGlobalSection
EndGlobal
