
Microsoft Visual Studio Solution File, Format Version 12.00
# Visual Studio Version 16
VisualStudioVersion = 16.0.31005.135
MinimumVisualStudioVersion = 10.0.40219.1
Project("{FAE04EC0-301F-11D3-BF4B-00C04F79EFBC}") = "AlgorithmsOnGraphsWeek4_2", "AlgorithmsOnGraphsWeek4_2.csproj", "{8B53369A-476B-4CB7-857E-140835D15503}"
EndProject
Global
	GlobalSection(SolutionConfigurationPlatforms) = preSolution
		Debug|Any CPU = Debug|Any CPU
		Release|Any CPU = Release|Any CPU
	EndGlobalSection
	GlobalSection(ProjectConfigurationPlatforms) = postSolution
		{8B53369A-476B-4CB7-857E-140835D15503}.Debug|Any CPU.ActiveCfg = Debug|Any CPU
		{8B53369A-476B-4CB7-857E-140835D15503}.Debug|Any CPU.Build.0 = Debug|Any CPU
		{8B53369A-476B-4CB7-857E-140835D15503}.Release|Any CPU.ActiveCfg = Release|Any CPU
		{8B53369A-476B-4CB7-857E-140835D15503}.Release|Any CPU.Build.0 = Release|Any CPU
	EndGlobalSection
	GlobalSection(SolutionProperties) = preSolution
		HideSolutionNode = FALSE
	EndGlobalSection
	GlobalSection(ExtensibilityGlobals) = postSolution
		SolutionGuid = {A43BD4FE-8419-400A-B64B-30DD7F8C717C}
	EndGlobalSection
EndGlobal
