
Microsoft Visual Studio Solution File, Format Version 12.00
# Visual Studio Version 16
VisualStudioVersion = 16.0.31005.135
MinimumVisualStudioVersion = 10.0.40219.1
Project("{FAE04EC0-301F-11D3-BF4B-00C04F79EFBC}") = "AlgorithmicToolboxWeek6_3", "AlgorithmicToolboxWeek6_3.csproj", "{80F668B2-49B9-4D1D-99D1-080C80B1F017}"
EndProject
Global
	GlobalSection(SolutionConfigurationPlatforms) = preSolution
		Debug|Any CPU = Debug|Any CPU
		Release|Any CPU = Release|Any CPU
	EndGlobalSection
	GlobalSection(ProjectConfigurationPlatforms) = postSolution
		{80F668B2-49B9-4D1D-99D1-080C80B1F017}.Debug|Any CPU.ActiveCfg = Debug|Any CPU
		{80F668B2-49B9-4D1D-99D1-080C80B1F017}.Debug|Any CPU.Build.0 = Debug|Any CPU
		{80F668B2-49B9-4D1D-99D1-080C80B1F017}.Release|Any CPU.ActiveCfg = Release|Any CPU
		{80F668B2-49B9-4D1D-99D1-080C80B1F017}.Release|Any CPU.Build.0 = Release|Any CPU
	EndGlobalSection
	GlobalSection(SolutionProperties) = preSolution
		HideSolutionNode = FALSE
	EndGlobalSection
	GlobalSection(ExtensibilityGlobals) = postSolution
		SolutionGuid = {5EB50CAB-4E67-4555-95A1-D18586D06EC9}
	EndGlobalSection
EndGlobal
