
Microsoft Visual Studio Solution File, Format Version 12.00
# Visual Studio Version 16
VisualStudioVersion = 16.0.32228.343
MinimumVisualStudioVersion = 10.0.40219.1
Project("{FAE04EC0-301F-11D3-BF4B-00C04F79EFBC}") = "AlgorithmsOnStringsWeek1_1", "AlgorithmsOnStringsWeek1_1.csproj", "{CD942108-A68F-48D8-9377-2EDF7BFEA3CB}"
EndProject
Global
	GlobalSection(SolutionConfigurationPlatforms) = preSolution
		Debug|Any CPU = Debug|Any CPU
		Release|Any CPU = Release|Any CPU
	EndGlobalSection
	GlobalSection(ProjectConfigurationPlatforms) = postSolution
		{CD942108-A68F-48D8-9377-2EDF7BFEA3CB}.Debug|Any CPU.ActiveCfg = Debug|Any CPU
		{CD942108-A68F-48D8-9377-2EDF7BFEA3CB}.Debug|Any CPU.Build.0 = Debug|Any CPU
		{CD942108-A68F-48D8-9377-2EDF7BFEA3CB}.Release|Any CPU.ActiveCfg = Release|Any CPU
		{CD942108-A68F-48D8-9377-2EDF7BFEA3CB}.Release|Any CPU.Build.0 = Release|Any CPU
	EndGlobalSection
	GlobalSection(SolutionProperties) = preSolution
		HideSolutionNode = FALSE
	EndGlobalSection
	GlobalSection(ExtensibilityGlobals) = postSolution
		SolutionGuid = {A2ED0A1F-91C9-4114-A206-D777072079DA}
	EndGlobalSection
EndGlobal
