
Microsoft Visual Studio Solution File, Format Version 12.00
# Visual Studio Version 16
VisualStudioVersion = 16.0.32228.343
MinimumVisualStudioVersion = 10.0.40219.1
Project("{FAE04EC0-301F-11D3-BF4B-00C04F79EFBC}") = "AlgorithmsOnStringsWeek2_1", "AlgorithmsOnStringsWeek2_1.csproj", "{88B3568E-C575-4ED1-90D3-7B2AFB61262F}"
EndProject
Global
	GlobalSection(SolutionConfigurationPlatforms) = preSolution
		Debug|Any CPU = Debug|Any CPU
		Release|Any CPU = Release|Any CPU
	EndGlobalSection
	GlobalSection(ProjectConfigurationPlatforms) = postSolution
		{88B3568E-C575-4ED1-90D3-7B2AFB61262F}.Debug|Any CPU.ActiveCfg = Debug|Any CPU
		{88B3568E-C575-4ED1-90D3-7B2AFB61262F}.Debug|Any CPU.Build.0 = Debug|Any CPU
		{88B3568E-C575-4ED1-90D3-7B2AFB61262F}.Release|Any CPU.ActiveCfg = Release|Any CPU
		{88B3568E-C575-4ED1-90D3-7B2AFB61262F}.Release|Any CPU.Build.0 = Release|Any CPU
	EndGlobalSection
	GlobalSection(SolutionProperties) = preSolution
		HideSolutionNode = FALSE
	EndGlobalSection
	GlobalSection(ExtensibilityGlobals) = postSolution
		SolutionGuid = {D1BFD3A7-B94A-4F72-862D-2AC5C7C4C071}
	EndGlobalSection
EndGlobal
