
Microsoft Visual Studio Solution File, Format Version 12.00
# Visual Studio Version 16
VisualStudioVersion = 16.0.31005.135
MinimumVisualStudioVersion = 10.0.40219.1
Project("{FAE04EC0-301F-11D3-BF4B-00C04F79EFBC}") = "DataStrustureWeek3_2", "DataStrustureWeek3_2.csproj", "{F70758C1-6360-40FA-9262-1FAAC851AE73}"
EndProject
Global
	GlobalSection(SolutionConfigurationPlatforms) = preSolution
		Debug|Any CPU = Debug|Any CPU
		Release|Any CPU = Release|Any CPU
	EndGlobalSection
	GlobalSection(ProjectConfigurationPlatforms) = postSolution
		{F70758C1-6360-40FA-9262-1FAAC851AE73}.Debug|Any CPU.ActiveCfg = Debug|Any CPU
		{F70758C1-6360-40FA-9262-1FAAC851AE73}.Debug|Any CPU.Build.0 = Debug|Any CPU
		{F70758C1-6360-40FA-9262-1FAAC851AE73}.Release|Any CPU.ActiveCfg = Release|Any CPU
		{F70758C1-6360-40FA-9262-1FAAC851AE73}.Release|Any CPU.Build.0 = Release|Any CPU
	EndGlobalSection
	GlobalSection(SolutionProperties) = preSolution
		HideSolutionNode = FALSE
	EndGlobalSection
	GlobalSection(ExtensibilityGlobals) = postSolution
		SolutionGuid = {7FF3BEDA-1816-4241-84CB-2C886FB3F56A}
	EndGlobalSection
EndGlobal
