
Microsoft Visual Studio Solution File, Format Version 12.00
# Visual Studio Version 16
VisualStudioVersion = 16.0.31005.135
MinimumVisualStudioVersion = 10.0.40219.1
Project("{FAE04EC0-301F-11D3-BF4B-00C04F79EFBC}") = "DataStrustureWeek6_3", "DataStrustureWeek6_3.csproj", "{0407C2A5-C45F-407C-BBC5-7526D7E13DE9}"
EndProject
Global
	GlobalSection(SolutionConfigurationPlatforms) = preSolution
		Debug|Any CPU = Debug|Any CPU
		Release|Any CPU = Release|Any CPU
	EndGlobalSection
	GlobalSection(ProjectConfigurationPlatforms) = postSolution
		{0407C2A5-C45F-407C-BBC5-7526D7E13DE9}.Debug|Any CPU.ActiveCfg = Debug|Any CPU
		{0407C2A5-C45F-407C-BBC5-7526D7E13DE9}.Debug|Any CPU.Build.0 = Debug|Any CPU
		{0407C2A5-C45F-407C-BBC5-7526D7E13DE9}.Release|Any CPU.ActiveCfg = Release|Any CPU
		{0407C2A5-C45F-407C-BBC5-7526D7E13DE9}.Release|Any CPU.Build.0 = Release|Any CPU
	EndGlobalSection
	GlobalSection(SolutionProperties) = preSolution
		HideSolutionNode = FALSE
	EndGlobalSection
	GlobalSection(ExtensibilityGlobals) = postSolution
		SolutionGuid = {630288E6-2464-4CC8-9F87-CF15C7D7E6F0}
	EndGlobalSection
EndGlobal
