
Microsoft Visual Studio Solution File, Format Version 12.00
# Visual Studio Version 16
VisualStudioVersion = 16.0.31005.135
MinimumVisualStudioVersion = 10.0.40219.1
Project("{FAE04EC0-301F-11D3-BF4B-00C04F79EFBC}") = "DataStrustureWeek6_1", "DataStrustureWeek6_1.csproj", "{D7474CEE-49FD-4039-B3B9-59691227930C}"
EndProject
Global
	GlobalSection(SolutionConfigurationPlatforms) = preSolution
		Debug|Any CPU = Debug|Any CPU
		Release|Any CPU = Release|Any CPU
	EndGlobalSection
	GlobalSection(ProjectConfigurationPlatforms) = postSolution
		{D7474CEE-49FD-4039-B3B9-59691227930C}.Debug|Any CPU.ActiveCfg = Debug|Any CPU
		{D7474CEE-49FD-4039-B3B9-59691227930C}.Debug|Any CPU.Build.0 = Debug|Any CPU
		{D7474CEE-49FD-4039-B3B9-59691227930C}.Release|Any CPU.ActiveCfg = Release|Any CPU
		{D7474CEE-49FD-4039-B3B9-59691227930C}.Release|Any CPU.Build.0 = Release|Any CPU
	EndGlobalSection
	GlobalSection(SolutionProperties) = preSolution
		HideSolutionNode = FALSE
	EndGlobalSection
	GlobalSection(ExtensibilityGlobals) = postSolution
		SolutionGuid = {ABABB90C-7ED2-4B58-93FD-526D5F28C717}
	EndGlobalSection
EndGlobal
