
Microsoft Visual Studio Solution File, Format Version 12.00
# Visual Studio Version 16
VisualStudioVersion = 16.0.31005.135
MinimumVisualStudioVersion = 10.0.40219.1
Project("{FAE04EC0-301F-11D3-BF4B-00C04F79EFBC}") = "AlgorithmsOnGraphsWeek3_2", "AlgorithmsOnGraphsWeek3_2.csproj", "{B6F6672F-5CFB-49DF-9E6E-6956D894F98A}"
EndProject
Global
	GlobalSection(SolutionConfigurationPlatforms) = preSolution
		Debug|Any CPU = Debug|Any CPU
		Release|Any CPU = Release|Any CPU
	EndGlobalSection
	GlobalSection(ProjectConfigurationPlatforms) = postSolution
		{B6F6672F-5CFB-49DF-9E6E-6956D894F98A}.Debug|Any CPU.ActiveCfg = Debug|Any CPU
		{B6F6672F-5CFB-49DF-9E6E-6956D894F98A}.Debug|Any CPU.Build.0 = Debug|Any CPU
		{B6F6672F-5CFB-49DF-9E6E-6956D894F98A}.Release|Any CPU.ActiveCfg = Release|Any CPU
		{B6F6672F-5CFB-49DF-9E6E-6956D894F98A}.Release|Any CPU.Build.0 = Release|Any CPU
	EndGlobalSection
	GlobalSection(SolutionProperties) = preSolution
		HideSolutionNode = FALSE
	EndGlobalSection
	GlobalSection(ExtensibilityGlobals) = postSolution
		SolutionGuid = {DD09CE0F-B684-4AA1-AF95-C8E0148819CF}
	EndGlobalSection
EndGlobal
