
Microsoft Visual Studio Solution File, Format Version 12.00
# Visual Studio Version 16
VisualStudioVersion = 16.0.31005.135
MinimumVisualStudioVersion = 10.0.40219.1
Project("{FAE04EC0-301F-11D3-BF4B-00C04F79EFBC}") = "AlgoithmicToolboxWeek2_1", "AlgoithmicToolboxWeek2_1.csproj", "{F21EB1FE-E954-4A32-AD8F-49C3F2B7CBBA}"
EndProject
Global
	GlobalSection(SolutionConfigurationPlatforms) = preSolution
		Debug|Any CPU = Debug|Any CPU
		Release|Any CPU = Release|Any CPU
	EndGlobalSection
	GlobalSection(ProjectConfigurationPlatforms) = postSolution
		{F21EB1FE-E954-4A32-AD8F-49C3F2B7CBBA}.Debug|Any CPU.ActiveCfg = Debug|Any CPU
		{F21EB1FE-E954-4A32-AD8F-49C3F2B7CBBA}.Debug|Any CPU.Build.0 = Debug|Any CPU
		{F21EB1FE-E954-4A32-AD8F-49C3F2B7CBBA}.Release|Any CPU.ActiveCfg = Release|Any CPU
		{F21EB1FE-E954-4A32-AD8F-49C3F2B7CBBA}.Release|Any CPU.Build.0 = Release|Any CPU
	EndGlobalSection
	GlobalSection(SolutionProperties) = preSolution
		HideSolutionNode = FALSE
	EndGlobalSection
	GlobalSection(ExtensibilityGlobals) = postSolution
		SolutionGuid = {7DB202B3-DB0D-40F3-B592-EE5C04801E33}
	EndGlobalSection
EndGlobal
