
Microsoft Visual Studio Solution File, Format Version 12.00
# Visual Studio Version 16
VisualStudioVersion = 16.0.32228.343
MinimumVisualStudioVersion = 10.0.40219.1
Project("{FAE04EC0-301F-11D3-BF4B-00C04F79EFBC}") = "AlgorithmsOnStringsWeek1_4", "AlgorithmsOnStringsWeek1_4.csproj", "{C790BE90-5CF1-4447-9388-FFF63BE4A54F}"
EndProject
Global
	GlobalSection(SolutionConfigurationPlatforms) = preSolution
		Debug|Any CPU = Debug|Any CPU
		Release|Any CPU = Release|Any CPU
	EndGlobalSection
	GlobalSection(ProjectConfigurationPlatforms) = postSolution
		{C790BE90-5CF1-4447-9388-FFF63BE4A54F}.Debug|Any CPU.ActiveCfg = Debug|Any CPU
		{C790BE90-5CF1-4447-9388-FFF63BE4A54F}.Debug|Any CPU.Build.0 = Debug|Any CPU
		{C790BE90-5CF1-4447-9388-FFF63BE4A54F}.Release|Any CPU.ActiveCfg = Release|Any CPU
		{C790BE90-5CF1-4447-9388-FFF63BE4A54F}.Release|Any CPU.Build.0 = Release|Any CPU
	EndGlobalSection
	GlobalSection(SolutionProperties) = preSolution
		HideSolutionNode = FALSE
	EndGlobalSection
	GlobalSection(ExtensibilityGlobals) = postSolution
		SolutionGuid = {45430869-A0D4-408E-BE8D-CAA36A0D7383}
	EndGlobalSection
EndGlobal
