
Microsoft Visual Studio Solution File, Format Version 12.00
# Visual Studio Version 16
VisualStudioVersion = 16.0.31005.135
MinimumVisualStudioVersion = 10.0.40219.1
Project("{FAE04EC0-301F-11D3-BF4B-00C04F79EFBC}") = "DataStrustureWeek6_5", "DataStrustureWeek6_5.csproj", "{FB3AE0EC-3F20-4D24-B67A-66923D3C3750}"
EndProject
Global
	GlobalSection(SolutionConfigurationPlatforms) = preSolution
		Debug|Any CPU = Debug|Any CPU
		Release|Any CPU = Release|Any CPU
	EndGlobalSection
	GlobalSection(ProjectConfigurationPlatforms) = postSolution
		{FB3AE0EC-3F20-4D24-B67A-66923D3C3750}.Debug|Any CPU.ActiveCfg = Debug|Any CPU
		{FB3AE0EC-3F20-4D24-B67A-66923D3C3750}.Debug|Any CPU.Build.0 = Debug|Any CPU
		{FB3AE0EC-3F20-4D24-B67A-66923D3C3750}.Release|Any CPU.ActiveCfg = Release|Any CPU
		{FB3AE0EC-3F20-4D24-B67A-66923D3C3750}.Release|Any CPU.Build.0 = Release|Any CPU
	EndGlobalSection
	GlobalSection(SolutionProperties) = preSolution
		HideSolutionNode = FALSE
	EndGlobalSection
	GlobalSection(ExtensibilityGlobals) = postSolution
		SolutionGuid = {05305C9F-2D57-4C27-A874-F7F6605853A3}
	EndGlobalSection
EndGlobal
