
Microsoft Visual Studio Solution File, Format Version 12.00
# Visual Studio Version 16
VisualStudioVersion = 16.0.31005.135
MinimumVisualStudioVersion = 10.0.40219.1
Project("{FAE04EC0-301F-11D3-BF4B-00C04F79EFBC}") = "AlgorithmicToolboxWeek4_4", "AlgorithmicToolboxWeek4_4.csproj", "{B3096514-F8F9-4A73-AC6E-A484DE7FCA19}"
EndProject
Global
	GlobalSection(SolutionConfigurationPlatforms) = preSolution
		Debug|Any CPU = Debug|Any CPU
		Release|Any CPU = Release|Any CPU
	EndGlobalSection
	GlobalSection(ProjectConfigurationPlatforms) = postSolution
		{B3096514-F8F9-4A73-AC6E-A484DE7FCA19}.Debug|Any CPU.ActiveCfg = Debug|Any CPU
		{B3096514-F8F9-4A73-AC6E-A484DE7FCA19}.Debug|Any CPU.Build.0 = Debug|Any CPU
		{B3096514-F8F9-4A73-AC6E-A484DE7FCA19}.Release|Any CPU.ActiveCfg = Release|Any CPU
		{B3096514-F8F9-4A73-AC6E-A484DE7FCA19}.Release|Any CPU.Build.0 = Release|Any CPU
	EndGlobalSection
	GlobalSection(SolutionProperties) = preSolution
		HideSolutionNode = FALSE
	EndGlobalSection
	GlobalSection(ExtensibilityGlobals) = postSolution
		SolutionGuid = {3F947B89-2AE8-45B1-87F0-B0EC8C0BC205}
	EndGlobalSection
EndGlobal
