
Microsoft Visual Studio Solution File, Format Version 12.00
# Visual Studio Version 16
VisualStudioVersion = 16.0.31005.135
MinimumVisualStudioVersion = 10.0.40219.1
Project("{FAE04EC0-301F-11D3-BF4B-00C04F79EFBC}") = "AlgoithmicToolboxWeek3_2", "AlgoithmicToolboxWeek3_2.csproj", "{B6528C24-2C72-4B3B-9841-E4320D3C0BBD}"
EndProject
Global
	GlobalSection(SolutionConfigurationPlatforms) = preSolution
		Debug|Any CPU = Debug|Any CPU
		Release|Any CPU = Release|Any CPU
	EndGlobalSection
	GlobalSection(ProjectConfigurationPlatforms) = postSolution
		{B6528C24-2C72-4B3B-9841-E4320D3C0BBD}.Debug|Any CPU.ActiveCfg = Debug|Any CPU
		{B6528C24-2C72-4B3B-9841-E4320D3C0BBD}.Debug|Any CPU.Build.0 = Debug|Any CPU
		{B6528C24-2C72-4B3B-9841-E4320D3C0BBD}.Release|Any CPU.ActiveCfg = Release|Any CPU
		{B6528C24-2C72-4B3B-9841-E4320D3C0BBD}.Release|Any CPU.Build.0 = Release|Any CPU
	EndGlobalSection
	GlobalSection(SolutionProperties) = preSolution
		HideSolutionNode = FALSE
	EndGlobalSection
	GlobalSection(ExtensibilityGlobals) = postSolution
		SolutionGuid = {ABB16A67-D208-4D6E-905F-31C182432ECA}
	EndGlobalSection
EndGlobal
