
Microsoft Visual Studio Solution File, Format Version 12.00
# Visual Studio Version 16
VisualStudioVersion = 16.0.31005.135
MinimumVisualStudioVersion = 10.0.40219.1
Project("{FAE04EC0-301F-11D3-BF4B-00C04F79EFBC}") = "AlgorithmsOnGraphsWeek2_1", "AlgorithmsOnGraphsWeek2_1.csproj", "{0E044203-41AD-45A3-96C9-32BF94331074}"
EndProject
Global
	GlobalSection(SolutionConfigurationPlatforms) = preSolution
		Debug|Any CPU = Debug|Any CPU
		Release|Any CPU = Release|Any CPU
	EndGlobalSection
	GlobalSection(ProjectConfigurationPlatforms) = postSolution
		{0E044203-41AD-45A3-96C9-32BF94331074}.Debug|Any CPU.ActiveCfg = Debug|Any CPU
		{0E044203-41AD-45A3-96C9-32BF94331074}.Debug|Any CPU.Build.0 = Debug|Any CPU
		{0E044203-41AD-45A3-96C9-32BF94331074}.Release|Any CPU.ActiveCfg = Release|Any CPU
		{0E044203-41AD-45A3-96C9-32BF94331074}.Release|Any CPU.Build.0 = Release|Any CPU
	EndGlobalSection
	GlobalSection(SolutionProperties) = preSolution
		HideSolutionNode = FALSE
	EndGlobalSection
	GlobalSection(ExtensibilityGlobals) = postSolution
		SolutionGuid = {C4517E59-DAA9-4000-AB80-994EA3BB849B}
	EndGlobalSection
EndGlobal
